
Microsoft Visual Studio Solution File, Format Version 12.00
# Visual Studio Version 17
VisualStudioVersion = 17.4.33213.308
MinimumVisualStudioVersion = 10.0.40219.1
Project("{FAE04EC0-301F-11D3-BF4B-00C04F79EFBC}") = "dbfirst_15323", "dbfirst_15323\dbfirst_15323.csproj", "{AD6040EE-3556-483C-B793-813BD10DB004}"
EndProject
Global
	GlobalSection(SolutionConfigurationPlatforms) = preSolution
		Debug|Any CPU = Debug|Any CPU
		Release|Any CPU = Release|Any CPU
	EndGlobalSection
	GlobalSection(ProjectConfigurationPlatforms) = postSolution
		{AD6040EE-3556-483C-B793-813BD10DB004}.Debug|Any CPU.ActiveCfg = Debug|Any CPU
		{AD6040EE-3556-483C-B793-813BD10DB004}.Debug|Any CPU.Build.0 = Debug|Any CPU
		{AD6040EE-3556-483C-B793-813BD10DB004}.Release|Any CPU.ActiveCfg = Release|Any CPU
		{AD6040EE-3556-483C-B793-813BD10DB004}.Release|Any CPU.Build.0 = Release|Any CPU
	EndGlobalSection
	GlobalSection(SolutionProperties) = preSolution
		HideSolutionNode = FALSE
	EndGlobalSection
	GlobalSection(ExtensibilityGlobals) = postSolution
		SolutionGuid = {268B8141-E419-45B3-97A9-843A03548645}
	EndGlobalSection
EndGlobal
